
Microsoft Visual Studio Solution File, Format Version 12.00
# Visual Studio Version 17
VisualStudioVersion = 17.10.35013.160
MinimumVisualStudioVersion = 10.0.40219.1
Project("{FAE04EC0-301F-11D3-BF4B-00C04F79EFBC}") = "24 -Jul 2", "24 -Jul 2\24 -Jul 2.csproj", "{458D8673-0D3C-4C86-AD7A-86CEC3805EFB}"
EndProject
Global
	GlobalSection(SolutionConfigurationPlatforms) = preSolution
		Debug|Any CPU = Debug|Any CPU
		Release|Any CPU = Release|Any CPU
	EndGlobalSection
	GlobalSection(ProjectConfigurationPlatforms) = postSolution
		{458D8673-0D3C-4C86-AD7A-86CEC3805EFB}.Debug|Any CPU.ActiveCfg = Debug|Any CPU
		{458D8673-0D3C-4C86-AD7A-86CEC3805EFB}.Debug|Any CPU.Build.0 = Debug|Any CPU
		{458D8673-0D3C-4C86-AD7A-86CEC3805EFB}.Release|Any CPU.ActiveCfg = Release|Any CPU
		{458D8673-0D3C-4C86-AD7A-86CEC3805EFB}.Release|Any CPU.Build.0 = Release|Any CPU
	EndGlobalSection
	GlobalSection(SolutionProperties) = preSolution
		HideSolutionNode = FALSE
	EndGlobalSection
	GlobalSection(ExtensibilityGlobals) = postSolution
		SolutionGuid = {C91A5374-F61B-4BDE-B3B8-A23C72F05F5D}
	EndGlobalSection
EndGlobal
