
Microsoft Visual Studio Solution File, Format Version 12.00
# Visual Studio Version 17
VisualStudioVersion = 17.10.35013.160
MinimumVisualStudioVersion = 10.0.40219.1
Project("{FAE04EC0-301F-11D3-BF4B-00C04F79EFBC}") = "Task29Jul", "Task29Jul\Task29Jul.csproj", "{4F618CD0-5E57-445B-97CC-6C87E3473E51}"
EndProject
Global
	GlobalSection(SolutionConfigurationPlatforms) = preSolution
		Debug|Any CPU = Debug|Any CPU
		Release|Any CPU = Release|Any CPU
	EndGlobalSection
	GlobalSection(ProjectConfigurationPlatforms) = postSolution
		{4F618CD0-5E57-445B-97CC-6C87E3473E51}.Debug|Any CPU.ActiveCfg = Debug|Any CPU
		{4F618CD0-5E57-445B-97CC-6C87E3473E51}.Debug|Any CPU.Build.0 = Debug|Any CPU
		{4F618CD0-5E57-445B-97CC-6C87E3473E51}.Release|Any CPU.ActiveCfg = Release|Any CPU
		{4F618CD0-5E57-445B-97CC-6C87E3473E51}.Release|Any CPU.Build.0 = Release|Any CPU
	EndGlobalSection
	GlobalSection(SolutionProperties) = preSolution
		HideSolutionNode = FALSE
	EndGlobalSection
	GlobalSection(ExtensibilityGlobals) = postSolution
		SolutionGuid = {9827DA94-97AD-40D3-92D3-3F2645E571BE}
	EndGlobalSection
EndGlobal
