
Microsoft Visual Studio Solution File, Format Version 12.00
# Visual Studio Version 17
VisualStudioVersion = 17.10.35013.160
MinimumVisualStudioVersion = 10.0.40219.1
Project("{FAE04EC0-301F-11D3-BF4B-00C04F79EFBC}") = "Aug13", "Aug13\Aug13.csproj", "{4CEFC1E6-6849-42CB-9860-1760E58E4BD0}"
EndProject
Global
	GlobalSection(SolutionConfigurationPlatforms) = preSolution
		Debug|Any CPU = Debug|Any CPU
		Release|Any CPU = Release|Any CPU
	EndGlobalSection
	GlobalSection(ProjectConfigurationPlatforms) = postSolution
		{4CEFC1E6-6849-42CB-9860-1760E58E4BD0}.Debug|Any CPU.ActiveCfg = Debug|Any CPU
		{4CEFC1E6-6849-42CB-9860-1760E58E4BD0}.Debug|Any CPU.Build.0 = Debug|Any CPU
		{4CEFC1E6-6849-42CB-9860-1760E58E4BD0}.Release|Any CPU.ActiveCfg = Release|Any CPU
		{4CEFC1E6-6849-42CB-9860-1760E58E4BD0}.Release|Any CPU.Build.0 = Release|Any CPU
	EndGlobalSection
	GlobalSection(SolutionProperties) = preSolution
		HideSolutionNode = FALSE
	EndGlobalSection
	GlobalSection(ExtensibilityGlobals) = postSolution
		SolutionGuid = {5970D844-D9A2-4A9D-A3C9-F771F03D945D}
	EndGlobalSection
EndGlobal
