
Microsoft Visual Studio Solution File, Format Version 12.00
# Visual Studio Version 17
VisualStudioVersion = 17.10.35013.160
MinimumVisualStudioVersion = 10.0.40219.1
Project("{FAE04EC0-301F-11D3-BF4B-00C04F79EFBC}") = "24 July", "24 July\24 July.csproj", "{24C21C15-4F6C-4D3C-BDF7-B70FE823281A}"
EndProject
Global
	GlobalSection(SolutionConfigurationPlatforms) = preSolution
		Debug|Any CPU = Debug|Any CPU
		Release|Any CPU = Release|Any CPU
	EndGlobalSection
	GlobalSection(ProjectConfigurationPlatforms) = postSolution
		{24C21C15-4F6C-4D3C-BDF7-B70FE823281A}.Debug|Any CPU.ActiveCfg = Debug|Any CPU
		{24C21C15-4F6C-4D3C-BDF7-B70FE823281A}.Debug|Any CPU.Build.0 = Debug|Any CPU
		{24C21C15-4F6C-4D3C-BDF7-B70FE823281A}.Release|Any CPU.ActiveCfg = Release|Any CPU
		{24C21C15-4F6C-4D3C-BDF7-B70FE823281A}.Release|Any CPU.Build.0 = Release|Any CPU
	EndGlobalSection
	GlobalSection(SolutionProperties) = preSolution
		HideSolutionNode = FALSE
	EndGlobalSection
	GlobalSection(ExtensibilityGlobals) = postSolution
		SolutionGuid = {4668DCC2-9DE5-4377-BD62-EB4086D407F4}
	EndGlobalSection
EndGlobal
